
Microsoft Visual Studio Solution File, Format Version 12.00
# Visual Studio Version 16
VisualStudioVersion = 16.0.30114.105
MinimumVisualStudioVersion = 10.0.40219.1
Project("{9A19103F-16F7-4668-BE54-9A1E7A4F7556}") = "App.Web", "App.Web\App.Web.csproj", "{A532D623-6E73-41B1-A37E-6AECB8ED2823}"
EndProject
Project("{FAE04EC0-301F-11D3-BF4B-00C04F79EFBC}") = "App.Assignment2", "App.Assignment2\App.Assignment2.csproj", "{7CEDF9BD-119E-4DD4-B8EB-9A6475DFF187}"
EndProject
Global
	GlobalSection(SolutionConfigurationPlatforms) = preSolution
		Debug|Any CPU = Debug|Any CPU
		Release|Any CPU = Release|Any CPU
	EndGlobalSection
	GlobalSection(ProjectConfigurationPlatforms) = postSolution
		{A532D623-6E73-41B1-A37E-6AECB8ED2823}.Debug|Any CPU.ActiveCfg = Debug|Any CPU
		{A532D623-6E73-41B1-A37E-6AECB8ED2823}.Debug|Any CPU.Build.0 = Debug|Any CPU
		{A532D623-6E73-41B1-A37E-6AECB8ED2823}.Release|Any CPU.ActiveCfg = Release|Any CPU
		{A532D623-6E73-41B1-A37E-6AECB8ED2823}.Release|Any CPU.Build.0 = Release|Any CPU
		{7CEDF9BD-119E-4DD4-B8EB-9A6475DFF187}.Debug|Any CPU.ActiveCfg = Debug|Any CPU
		{7CEDF9BD-119E-4DD4-B8EB-9A6475DFF187}.Debug|Any CPU.Build.0 = Debug|Any CPU
		{7CEDF9BD-119E-4DD4-B8EB-9A6475DFF187}.Release|Any CPU.ActiveCfg = Release|Any CPU
		{7CEDF9BD-119E-4DD4-B8EB-9A6475DFF187}.Release|Any CPU.Build.0 = Release|Any CPU
	EndGlobalSection
	GlobalSection(SolutionProperties) = preSolution
		HideSolutionNode = FALSE
	EndGlobalSection
	GlobalSection(ExtensibilityGlobals) = postSolution
		SolutionGuid = {5418CCEC-0214-45A7-B8FB-23350EBA40D6}
	EndGlobalSection
EndGlobal
